
Microsoft Visual Studio Solution File, Format Version 12.00
# Visual Studio Version 17
VisualStudioVersion = 17.8.34309.116
MinimumVisualStudioVersion = 10.0.40219.1
Project("{FAE04EC0-301F-11D3-BF4B-00C04F79EFBC}") = "TurtleLabGame.Domain", "src\TurtleLabGame.Domain\TurtleLabGame.Domain.csproj", "{1D2CD262-F778-4AA5-9035-83751A5EAC47}"
EndProject
Project("{9A19103F-16F7-4668-BE54-9A1E7A4F7556}") = "TurtleLabGame.App", "src\TurtleLabGame.App\TurtleLabGame.App.csproj", "{A8E50B21-4112-4FD3-B913-1B5C4A7861B2}"
EndProject
Project("{2150E333-8FDC-42A3-9474-1A3956D46DE8}") = "tests", "tests", "{59138B47-900F-474C-BC66-54B859C8EB3D}"
EndProject
Project("{FAE04EC0-301F-11D3-BF4B-00C04F79EFBC}") = "TurtleLabGame.UnitTesting", "tests\TurtleLabGame.UnitTesting\TurtleLabGame.UnitTesting.csproj", "{07074147-FFA6-49B0-B30A-7BCE8C66EA9B}"
EndProject
Global
	GlobalSection(SolutionConfigurationPlatforms) = preSolution
		Debug|Any CPU = Debug|Any CPU
		Release|Any CPU = Release|Any CPU
	EndGlobalSection
	GlobalSection(ProjectConfigurationPlatforms) = postSolution
		{1D2CD262-F778-4AA5-9035-83751A5EAC47}.Debug|Any CPU.ActiveCfg = Debug|Any CPU
		{1D2CD262-F778-4AA5-9035-83751A5EAC47}.Debug|Any CPU.Build.0 = Debug|Any CPU
		{1D2CD262-F778-4AA5-9035-83751A5EAC47}.Release|Any CPU.ActiveCfg = Release|Any CPU
		{1D2CD262-F778-4AA5-9035-83751A5EAC47}.Release|Any CPU.Build.0 = Release|Any CPU
		{A8E50B21-4112-4FD3-B913-1B5C4A7861B2}.Debug|Any CPU.ActiveCfg = Debug|Any CPU
		{A8E50B21-4112-4FD3-B913-1B5C4A7861B2}.Debug|Any CPU.Build.0 = Debug|Any CPU
		{A8E50B21-4112-4FD3-B913-1B5C4A7861B2}.Release|Any CPU.ActiveCfg = Release|Any CPU
		{A8E50B21-4112-4FD3-B913-1B5C4A7861B2}.Release|Any CPU.Build.0 = Release|Any CPU
		{07074147-FFA6-49B0-B30A-7BCE8C66EA9B}.Debug|Any CPU.ActiveCfg = Debug|Any CPU
		{07074147-FFA6-49B0-B30A-7BCE8C66EA9B}.Debug|Any CPU.Build.0 = Debug|Any CPU
		{07074147-FFA6-49B0-B30A-7BCE8C66EA9B}.Release|Any CPU.ActiveCfg = Release|Any CPU
		{07074147-FFA6-49B0-B30A-7BCE8C66EA9B}.Release|Any CPU.Build.0 = Release|Any CPU
	EndGlobalSection
	GlobalSection(SolutionProperties) = preSolution
		HideSolutionNode = FALSE
	EndGlobalSection
	GlobalSection(NestedProjects) = preSolution
		{07074147-FFA6-49B0-B30A-7BCE8C66EA9B} = {59138B47-900F-474C-BC66-54B859C8EB3D}
	EndGlobalSection
	GlobalSection(ExtensibilityGlobals) = postSolution
		SolutionGuid = {2F6CB6C2-A4EC-432C-9E85-21BFFFF2FDC1}
	EndGlobalSection
EndGlobal
